PODS:
  - CocoaMQTT (2.1.1):
    - CocoaMQTT/Core (= 2.1.1)
  - CocoaMQTT/Core (2.1.1):
    - MqttCocoaAsyncSocket (~> 1.0.8)
  - MqttCocoaAsyncSocket (1.0.8)

DEPENDENCIES:
  - CocoaMQTT (= 2.1.1)

SPEC REPOS:
  trunk:
    - CocoaMQTT
    - MqttCocoaAsyncSocket

SPEC CHECKSUMS:
  CocoaMQTT: 204713d369b9a3ed8d90af2e0666f11121d06e74
  MqttCocoaAsyncSocket: 77d3b74f76228dd5a05d1f9526eab101d415b30c

PODFILE CHECKSUM: d869e597c5c87ca654a9bd0e46189acac14b8d2c

COCOAPODS: 1.11.3
